
Microsoft Visual Studio Solution File, Format Version 12.00
# Visual Studio 2017
Project("{FAE04EC0-301F-11D3-BF4B-00C04F79EFBC}") = "Conquer_Machines", "Conquer_Machines.csproj", "{8FA4AC9D-EC11-CCBE-A963-14EFCD50AB93}"
EndProject
Global
	GlobalSection(SolutionConfigurationPlatforms) = preSolution
		Debug|Any CPU = Debug|Any CPU
		Release|Any CPU = Release|Any CPU
	EndGlobalSection
	GlobalSection(ProjectConfigurationPlatforms) = postSolution
		{8FA4AC9D-EC11-CCBE-A963-14EFCD50AB93}.Debug|Any CPU.ActiveCfg = Debug|Any CPU
		{8FA4AC9D-EC11-CCBE-A963-14EFCD50AB93}.Debug|Any CPU.Build.0 = Debug|Any CPU
		{8FA4AC9D-EC11-CCBE-A963-14EFCD50AB93}.Release|Any CPU.ActiveCfg = Release|Any CPU
		{8FA4AC9D-EC11-CCBE-A963-14EFCD50AB93}.Release|Any CPU.Build.0 = Release|Any CPU
	EndGlobalSection
	GlobalSection(SolutionProperties) = preSolution
		HideSolutionNode = FALSE
	EndGlobalSection
EndGlobal
