
Microsoft Visual Studio Solution File, Format Version 12.00
# Visual Studio 2017
Project("{FAE04EC0-301F-11D3-BF4B-00C04F79EFBC}") = "ConquerMachines", "ConquerMachines.csproj", "{2FCB3E5C-72E6-C63E-700B-452342C887CD}"
EndProject
Global
	GlobalSection(SolutionConfigurationPlatforms) = preSolution
		Debug|Any CPU = Debug|Any CPU
		Release|Any CPU = Release|Any CPU
	EndGlobalSection
	GlobalSection(ProjectConfigurationPlatforms) = postSolution
		{2FCB3E5C-72E6-C63E-700B-452342C887CD}.Debug|Any CPU.ActiveCfg = Debug|Any CPU
		{2FCB3E5C-72E6-C63E-700B-452342C887CD}.Debug|Any CPU.Build.0 = Debug|Any CPU
		{2FCB3E5C-72E6-C63E-700B-452342C887CD}.Release|Any CPU.ActiveCfg = Release|Any CPU
		{2FCB3E5C-72E6-C63E-700B-452342C887CD}.Release|Any CPU.Build.0 = Release|Any CPU
	EndGlobalSection
	GlobalSection(SolutionProperties) = preSolution
		HideSolutionNode = FALSE
	EndGlobalSection
EndGlobal
